
Microsoft Visual Studio Solution File, Format Version 12.00
# Visual Studio Version 16
VisualStudioVersion = 16.0.31515.178
MinimumVisualStudioVersion = 10.0.40219.1
Project("{8BC9CEB8-8B4A-11D0-8D11-00A0C91BC942}") = "BattleShip", "BattleShip.vcxproj", "{58F668D4-C07C-4903-90DA-87CB3D28E876}"
EndProject
Global
	GlobalSection(SolutionConfigurationPlatforms) = preSolution
		Debug|x64 = Debug|x64
		Debug|x86 = Debug|x86
		Release|x64 = Release|x64
		Release|x86 = Release|x86
	EndGlobalSection
	GlobalSection(ProjectConfigurationPlatforms) = postSolution
		{58F668D4-C07C-4903-90DA-87CB3D28E876}.Debug|x64.ActiveCfg = Debug|x64
		{58F668D4-C07C-4903-90DA-87CB3D28E876}.Debug|x64.Build.0 = Debug|x64
		{58F668D4-C07C-4903-90DA-87CB3D28E876}.Debug|x86.ActiveCfg = Debug|Win32
		{58F668D4-C07C-4903-90DA-87CB3D28E876}.Debug|x86.Build.0 = Debug|Win32
		{58F668D4-C07C-4903-90DA-87CB3D28E876}.Release|x64.ActiveCfg = Release|x64
		{58F668D4-C07C-4903-90DA-87CB3D28E876}.Release|x64.Build.0 = Release|x64
		{58F668D4-C07C-4903-90DA-87CB3D28E876}.Release|x86.ActiveCfg = Release|Win32
		{58F668D4-C07C-4903-90DA-87CB3D28E876}.Release|x86.Build.0 = Release|Win32
	EndGlobalSection
	GlobalSection(SolutionProperties) = preSolution
		HideSolutionNode = FALSE
	EndGlobalSection
	GlobalSection(ExtensibilityGlobals) = postSolution
		SolutionGuid = {86A0F1D1-EEB2-4E1B-9BB4-4D19C3C86ECA}
	EndGlobalSection
EndGlobal
